{
  "nodes": {
    "nixpkgs": {
      "locked": {
        "lastModified": 1656338871,
        "narHash": "sha256-+LOvZFt3MpWtrxXLH4igQtRVzyD43VnuTJjDVbt7phY=",
        "owner": "NixOS",
        "repo": "nixpkgs",
        "rev": "819e4d63fc7f337a822a049fd055cd7615a5e0d6",
        "type": "github"
      },
      "original": {
        "owner": "NixOS",
        "repo": "nixpkgs",
        "rev": "819e4d63fc7f337a822a049fd055cd7615a5e0d6",
        "type": "github"
      }
    },
    "root": {
      "inputs": {
        "nixpkgs": "nixpkgs"
      }
    }
  },
  "root": "root",
  "version": 7
}
